
Microsoft Visual Studio Solution File, Format Version 12.00
# Visual Studio 15
VisualStudioVersion = 15.0.27004.2002
MinimumVisualStudioVersion = 10.0.40219.1
Project("{FAE04EC0-301F-11D3-BF4B-00C04F79EFBC}") = "Rest.Android", "Rest\Rest.Android\Rest.Android.csproj", "{36A41C7A-1684-4D14-AB9E-330FC7D1EE09}"
EndProject
Project("{FAE04EC0-301F-11D3-BF4B-00C04F79EFBC}") = "Rest", "Rest\Rest\Rest.csproj", "{41E09BFD-4D3C-41D4-9CD3-D562186B04C5}"
EndProject
Project("{FAE04EC0-301F-11D3-BF4B-00C04F79EFBC}") = "Rest.UWP", "Rest\Rest.UWP\Rest.UWP.csproj", "{8C57D3D8-6B1B-4F76-BC2F-CB5A040CE160}"
EndProject
Project("{FAE04EC0-301F-11D3-BF4B-00C04F79EFBC}") = "Rest.iOS", "Rest\Rest.iOS\Rest.iOS.csproj", "{5F935B39-37F2-487F-BAAA-1464BD557D95}"
EndProject
Global
	GlobalSection(SolutionConfigurationPlatforms) = preSolution
		Ad-Hoc|Any CPU = Ad-Hoc|Any CPU
		Ad-Hoc|ARM = Ad-Hoc|ARM
		Ad-Hoc|iPhone = Ad-Hoc|iPhone
		Ad-Hoc|iPhoneSimulator = Ad-Hoc|iPhoneSimulator
		Ad-Hoc|x64 = Ad-Hoc|x64
		Ad-Hoc|x86 = Ad-Hoc|x86
		AppStore|Any CPU = AppStore|Any CPU
		AppStore|ARM = AppStore|ARM
		AppStore|iPhone = AppStore|iPhone
		AppStore|iPhoneSimulator = AppStore|iPhoneSimulator
		AppStore|x64 = AppStore|x64
		AppStore|x86 = AppStore|x86
		Debug|Any CPU = Debug|Any CPU
		Debug|ARM = Debug|ARM
		Debug|iPhone = Debug|iPhone
		Debug|iPhoneSimulator = Debug|iPhoneSimulator
		Debug|x64 = Debug|x64
		Debug|x86 = Debug|x86
		Release|Any CPU = Release|Any CPU
		Release|ARM = Release|ARM
		Release|iPhone = Release|iPhone
		Release|iPhoneSimulator = Release|iPhoneSimulator
		Release|x64 = Release|x64
		Release|x86 = Release|x86
	EndGlobalSection
	GlobalSection(ProjectConfigurationPlatforms) = postSolution
		{36A41C7A-1684-4D14-AB9E-330FC7D1EE09}.Ad-Hoc|Any CPU.ActiveCfg = Release|Any CPU
		{36A41C7A-1684-4D14-AB9E-330FC7D1EE09}.Ad-Hoc|Any CPU.Build.0 = Release|Any CPU
		{36A41C7A-1684-4D14-AB9E-330FC7D1EE09}.Ad-Hoc|Any CPU.Deploy.0 = Release|Any CPU
		{36A41C7A-1684-4D14-AB9E-330FC7D1EE09}.Ad-Hoc|ARM.ActiveCfg = Release|Any CPU
		{36A41C7A-1684-4D14-AB9E-330FC7D1EE09}.Ad-Hoc|ARM.Build.0 = Release|Any CPU
		{36A41C7A-1684-4D14-AB9E-330FC7D1EE09}.Ad-Hoc|ARM.Deploy.0 = Release|Any CPU
		{36A41C7A-1684-4D14-AB9E-330FC7D1EE09}.Ad-Hoc|iPhone.ActiveCfg = Release|Any CPU
		{36A41C7A-1684-4D14-AB9E-330FC7D1EE09}.Ad-Hoc|iPhone.Build.0 = Release|Any CPU
		{36A41C7A-1684-4D14-AB9E-330FC7D1EE09}.Ad-Hoc|iPhone.Deploy.0 = Release|Any CPU
		{36A41C7A-1684-4D14-AB9E-330FC7D1EE09}.Ad-Hoc|iPhoneSimulator.ActiveCfg = Release|Any CPU
		{36A41C7A-1684-4D14-AB9E-330FC7D1EE09}.Ad-Hoc|iPhoneSimulator.Build.0 = Release|Any CPU
		{36A41C7A-1684-4D14-AB9E-330FC7D1EE09}.Ad-Hoc|iPhoneSimulator.Deploy.0 = Release|Any CPU
		{36A41C7A-1684-4D14-AB9E-330FC7D1EE09}.Ad-Hoc|x64.ActiveCfg = Release|Any CPU
		{36A41C7A-1684-4D14-AB9E-330FC7D1EE09}.Ad-Hoc|x64.Build.0 = Release|Any CPU
		{36A41C7A-1684-4D14-AB9E-330FC7D1EE09}.Ad-Hoc|x64.Deploy.0 = Release|Any CPU
		{36A41C7A-1684-4D14-AB9E-330FC7D1EE09}.Ad-Hoc|x86.ActiveCfg = Release|Any CPU
		{36A41C7A-1684-4D14-AB9E-330FC7D1EE09}.Ad-Hoc|x86.Build.0 = Release|Any CPU
		{36A41C7A-1684-4D14-AB9E-330FC7D1EE09}.Ad-Hoc|x86.Deploy.0 = Release|Any CPU
		{36A41C7A-1684-4D14-AB9E-330FC7D1EE09}.AppStore|Any CPU.ActiveCfg = Release|Any CPU
		{36A41C7A-1684-4D14-AB9E-330FC7D1EE09}.AppStore|Any CPU.Build.0 = Release|Any CPU
		{36A41C7A-1684-4D14-AB9E-330FC7D1EE09}.AppStore|Any CPU.Deploy.0 = Release|Any CPU
		{36A41C7A-1684-4D14-AB9E-330FC7D1EE09}.AppStore|ARM.ActiveCfg = Release|Any CPU
		{36A41C7A-1684-4D14-AB9E-330FC7D1EE09}.AppStore|ARM.Build.0 = Release|Any CPU
		{36A41C7A-1684-4D14-AB9E-330FC7D1EE09}.AppStore|ARM.Deploy.0 = Release|Any CPU
		{36A41C7A-1684-4D14-AB9E-330FC7D1EE09}.AppStore|iPhone.ActiveCfg = Release|Any CPU
		{36A41C7A-1684-4D14-AB9E-330FC7D1EE09}.AppStore|iPhone.Build.0 = Release|Any CPU
		{36A41C7A-1684-4D14-AB9E-330FC7D1EE09}.AppStore|iPhone.Deploy.0 = Release|Any CPU
		{36A41C7A-1684-4D14-AB9E-330FC7D1EE09}.AppStore|iPhoneSimulator.ActiveCfg = Release|Any CPU
		{36A41C7A-1684-4D14-AB9E-330FC7D1EE09}.AppStore|iPhoneSimulator.Build.0 = Release|Any CPU
		{36A41C7A-1684-4D14-AB9E-330FC7D1EE09}.AppStore|iPhoneSimulator.Deploy.0 = Release|Any CPU
		{36A41C7A-1684-4D14-AB9E-330FC7D1EE09}.AppStore|x64.ActiveCfg = Release|Any CPU
		{36A41C7A-1684-4D14-AB9E-330FC7D1EE09}.AppStore|x64.Build.0 = Release|Any CPU
		{36A41C7A-1684-4D14-AB9E-330FC7D1EE09}.AppStore|x64.Deploy.0 = Release|Any CPU
		{36A41C7A-1684-4D14-AB9E-330FC7D1EE09}.AppStore|x86.ActiveCfg = Release|Any CPU
		{36A41C7A-1684-4D14-AB9E-330FC7D1EE09}.AppStore|x86.Build.0 = Release|Any CPU
		{36A41C7A-1684-4D14-AB9E-330FC7D1EE09}.AppStore|x86.Deploy.0 = Release|Any CPU
		{36A41C7A-1684-4D14-AB9E-330FC7D1EE09}.Debug|Any CPU.ActiveCfg = Debug|Any CPU
		{36A41C7A-1684-4D14-AB9E-330FC7D1EE09}.Debug|Any CPU.Build.0 = Debug|Any CPU
		{36A41C7A-1684-4D14-AB9E-330FC7D1EE09}.Debug|Any CPU.Deploy.0 = Debug|Any CPU
		{36A41C7A-1684-4D14-AB9E-330FC7D1EE09}.Debug|ARM.ActiveCfg = Debug|Any CPU
		{36A41C7A-1684-4D14-AB9E-330FC7D1EE09}.Debug|ARM.Build.0 = Debug|Any CPU
		{36A41C7A-1684-4D14-AB9E-330FC7D1EE09}.Debug|ARM.Deploy.0 = Debug|Any CPU
		{36A41C7A-1684-4D14-AB9E-330FC7D1EE09}.Debug|iPhone.ActiveCfg = Debug|Any CPU
		{36A41C7A-1684-4D14-AB9E-330FC7D1EE09}.Debug|iPhone.Build.0 = Debug|Any CPU
		{36A41C7A-1684-4D14-AB9E-330FC7D1EE09}.Debug|iPhone.Deploy.0 = Debug|Any CPU
		{36A41C7A-1684-4D14-AB9E-330FC7D1EE09}.Debug|iPhoneSimulator.ActiveCfg = Debug|Any CPU
		{36A41C7A-1684-4D14-AB9E-330FC7D1EE09}.Debug|iPhoneSimulator.Build.0 = Debug|Any CPU
		{36A41C7A-1684-4D14-AB9E-330FC7D1EE09}.Debug|iPhoneSimulator.Deploy.0 = Debug|Any CPU
		{36A41C7A-1684-4D14-AB9E-330FC7D1EE09}.Debug|x64.ActiveCfg = Debug|Any CPU
		{36A41C7A-1684-4D14-AB9E-330FC7D1EE09}.Debug|x64.Build.0 = Debug|Any CPU
		{36A41C7A-1684-4D14-AB9E-330FC7D1EE09}.Debug|x64.Deploy.0 = Debug|Any CPU
		{36A41C7A-1684-4D14-AB9E-330FC7D1EE09}.Debug|x86.ActiveCfg = Debug|Any CPU
		{36A41C7A-1684-4D14-AB9E-330FC7D1EE09}.Debug|x86.Build.0 = Debug|Any CPU
		{36A41C7A-1684-4D14-AB9E-330FC7D1EE09}.Debug|x86.Deploy.0 = Debug|Any CPU
		{36A41C7A-1684-4D14-AB9E-330FC7D1EE09}.Release|Any CPU.ActiveCfg = Release|Any CPU
		{36A41C7A-1684-4D14-AB9E-330FC7D1EE09}.Release|Any CPU.Build.0 = Release|Any CPU
		{36A41C7A-1684-4D14-AB9E-330FC7D1EE09}.Release|Any CPU.Deploy.0 = Release|Any CPU
		{36A41C7A-1684-4D14-AB9E-330FC7D1EE09}.Release|ARM.ActiveCfg = Release|Any CPU
		{36A41C7A-1684-4D14-AB9E-330FC7D1EE09}.Release|ARM.Build.0 = Release|Any CPU
		{36A41C7A-1684-4D14-AB9E-330FC7D1EE09}.Release|ARM.Deploy.0 = Release|Any CPU
		{36A41C7A-1684-4D14-AB9E-330FC7D1EE09}.Release|iPhone.ActiveCfg = Release|Any CPU
		{36A41C7A-1684-4D14-AB9E-330FC7D1EE09}.Release|iPhone.Build.0 = Release|Any CPU
		{36A41C7A-1684-4D14-AB9E-330FC7D1EE09}.Release|iPhone.Deploy.0 = Release|Any CPU
		{36A41C7A-1684-4D14-AB9E-330FC7D1EE09}.Release|iPhoneSimulator.ActiveCfg = Release|Any CPU
		{36A41C7A-1684-4D14-AB9E-330FC7D1EE09}.Release|iPhoneSimulator.Build.0 = Release|Any CPU
		{36A41C7A-1684-4D14-AB9E-330FC7D1EE09}.Release|iPhoneSimulator.Deploy.0 = Release|Any CPU
		{36A41C7A-1684-4D14-AB9E-330FC7D1EE09}.Release|x64.ActiveCfg = Release|Any CPU
		{36A41C7A-1684-4D14-AB9E-330FC7D1EE09}.Release|x64.Build.0 = Release|Any CPU
		{36A41C7A-1684-4D14-AB9E-330FC7D1EE09}.Release|x64.Deploy.0 = Release|Any CPU
		{36A41C7A-1684-4D14-AB9E-330FC7D1EE09}.Release|x86.ActiveCfg = Release|Any CPU
		{36A41C7A-1684-4D14-AB9E-330FC7D1EE09}.Release|x86.Build.0 = Release|Any CPU
		{36A41C7A-1684-4D14-AB9E-330FC7D1EE09}.Release|x86.Deploy.0 = Release|Any CPU
		{41E09BFD-4D3C-41D4-9CD3-D562186B04C5}.Ad-Hoc|Any CPU.ActiveCfg = Release|Any CPU
		{41E09BFD-4D3C-41D4-9CD3-D562186B04C5}.Ad-Hoc|Any CPU.Build.0 = Release|Any CPU
		{41E09BFD-4D3C-41D4-9CD3-D562186B04C5}.Ad-Hoc|ARM.ActiveCfg = Release|Any CPU
		{41E09BFD-4D3C-41D4-9CD3-D562186B04C5}.Ad-Hoc|ARM.Build.0 = Release|Any CPU
		{41E09BFD-4D3C-41D4-9CD3-D562186B04C5}.Ad-Hoc|iPhone.ActiveCfg = Release|Any CPU
		{41E09BFD-4D3C-41D4-9CD3-D562186B04C5}.Ad-Hoc|iPhone.Build.0 = Release|Any CPU
		{41E09BFD-4D3C-41D4-9CD3-D562186B04C5}.Ad-Hoc|iPhoneSimulator.ActiveCfg = Release|Any CPU
		{41E09BFD-4D3C-41D4-9CD3-D562186B04C5}.Ad-Hoc|iPhoneSimulator.Build.0 = Release|Any CPU
		{41E09BFD-4D3C-41D4-9CD3-D562186B04C5}.Ad-Hoc|x64.ActiveCfg = Release|Any CPU
		{41E09BFD-4D3C-41D4-9CD3-D562186B04C5}.Ad-Hoc|x64.Build.0 = Release|Any CPU
		{41E09BFD-4D3C-41D4-9CD3-D562186B04C5}.Ad-Hoc|x86.ActiveCfg = Release|Any CPU
		{41E09BFD-4D3C-41D4-9CD3-D562186B04C5}.Ad-Hoc|x86.Build.0 = Release|Any CPU
		{41E09BFD-4D3C-41D4-9CD3-D562186B04C5}.AppStore|Any CPU.ActiveCfg = Release|Any CPU
		{41E09BFD-4D3C-41D4-9CD3-D562186B04C5}.AppStore|Any CPU.Build.0 = Release|Any CPU
		{41E09BFD-4D3C-41D4-9CD3-D562186B04C5}.AppStore|ARM.ActiveCfg = Release|Any CPU
		{41E09BFD-4D3C-41D4-9CD3-D562186B04C5}.AppStore|ARM.Build.0 = Release|Any CPU
		{41E09BFD-4D3C-41D4-9CD3-D562186B04C5}.AppStore|iPhone.ActiveCfg = Release|Any CPU
		{41E09BFD-4D3C-41D4-9CD3-D562186B04C5}.AppStore|iPhone.Build.0 = Release|Any CPU
		{41E09BFD-4D3C-41D4-9CD3-D562186B04C5}.AppStore|iPhoneSimulator.ActiveCfg = Release|Any CPU
		{41E09BFD-4D3C-41D4-9CD3-D562186B04C5}.AppStore|iPhoneSimulator.Build.0 = Release|Any CPU
		{41E09BFD-4D3C-41D4-9CD3-D562186B04C5}.AppStore|x64.ActiveCfg = Release|Any CPU
		{41E09BFD-4D3C-41D4-9CD3-D562186B04C5}.AppStore|x64.Build.0 = Release|Any CPU
		{41E09BFD-4D3C-41D4-9CD3-D562186B04C5}.AppStore|x86.ActiveCfg = Release|Any CPU
		{41E09BFD-4D3C-41D4-9CD3-D562186B04C5}.AppStore|x86.Build.0 = Release|Any CPU
		{41E09BFD-4D3C-41D4-9CD3-D562186B04C5}.Debug|Any CPU.ActiveCfg = Debug|Any CPU
		{41E09BFD-4D3C-41D4-9CD3-D562186B04C5}.Debug|Any CPU.Build.0 = Debug|Any CPU
		{41E09BFD-4D3C-41D4-9CD3-D562186B04C5}.Debug|ARM.ActiveCfg = Debug|Any CPU
		{41E09BFD-4D3C-41D4-9CD3-D562186B04C5}.Debug|ARM.Build.0 = Debug|Any CPU
		{41E09BFD-4D3C-41D4-9CD3-D562186B04C5}.Debug|iPhone.ActiveCfg = Debug|Any CPU
		{41E09BFD-4D3C-41D4-9CD3-D562186B04C5}.Debug|iPhone.Build.0 = Debug|Any CPU
		{41E09BFD-4D3C-41D4-9CD3-D562186B04C5}.Debug|iPhoneSimulator.ActiveCfg = Debug|Any CPU
		{41E09BFD-4D3C-41D4-9CD3-D562186B04C5}.Debug|iPhoneSimulator.Build.0 = Debug|Any CPU
		{41E09BFD-4D3C-41D4-9CD3-D562186B04C5}.Debug|x64.ActiveCfg = Debug|Any CPU
		{41E09BFD-4D3C-41D4-9CD3-D562186B04C5}.Debug|x64.Build.0 = Debug|Any CPU
		{41E09BFD-4D3C-41D4-9CD3-D562186B04C5}.Debug|x86.ActiveCfg = Debug|Any CPU
		{41E09BFD-4D3C-41D4-9CD3-D562186B04C5}.Debug|x86.Build.0 = Debug|Any CPU
		{41E09BFD-4D3C-41D4-9CD3-D562186B04C5}.Release|Any CPU.ActiveCfg = Release|Any CPU
		{41E09BFD-4D3C-41D4-9CD3-D562186B04C5}.Release|Any CPU.Build.0 = Release|Any CPU
		{41E09BFD-4D3C-41D4-9CD3-D562186B04C5}.Release|ARM.ActiveCfg = Release|Any CPU
		{41E09BFD-4D3C-41D4-9CD3-D562186B04C5}.Release|ARM.Build.0 = Release|Any CPU
		{41E09BFD-4D3C-41D4-9CD3-D562186B04C5}.Release|iPhone.ActiveCfg = Release|Any CPU
		{41E09BFD-4D3C-41D4-9CD3-D562186B04C5}.Release|iPhone.Build.0 = Release|Any CPU
		{41E09BFD-4D3C-41D4-9CD3-D562186B04C5}.Release|iPhoneSimulator.ActiveCfg = Release|Any CPU
		{41E09BFD-4D3C-41D4-9CD3-D562186B04C5}.Release|iPhoneSimulator.Build.0 = Release|Any CPU
		{41E09BFD-4D3C-41D4-9CD3-D562186B04C5}.Release|x64.ActiveCfg = Release|Any CPU
		{41E09BFD-4D3C-41D4-9CD3-D562186B04C5}.Release|x64.Build.0 = Release|Any CPU
		{41E09BFD-4D3C-41D4-9CD3-D562186B04C5}.Release|x86.ActiveCfg = Release|Any CPU
		{41E09BFD-4D3C-41D4-9CD3-D562186B04C5}.Release|x86.Build.0 = Release|Any CPU
		{8C57D3D8-6B1B-4F76-BC2F-CB5A040CE160}.Ad-Hoc|Any CPU.ActiveCfg = Release|x86
		{8C57D3D8-6B1B-4F76-BC2F-CB5A040CE160}.Ad-Hoc|Any CPU.Build.0 = Release|x86
		{8C57D3D8-6B1B-4F76-BC2F-CB5A040CE160}.Ad-Hoc|Any CPU.Deploy.0 = Release|x86
		{8C57D3D8-6B1B-4F76-BC2F-CB5A040CE160}.Ad-Hoc|ARM.ActiveCfg = Release|ARM
		{8C57D3D8-6B1B-4F76-BC2F-CB5A040CE160}.Ad-Hoc|ARM.Build.0 = Release|ARM
		{8C57D3D8-6B1B-4F76-BC2F-CB5A040CE160}.Ad-Hoc|ARM.Deploy.0 = Release|ARM
		{8C57D3D8-6B1B-4F76-BC2F-CB5A040CE160}.Ad-Hoc|iPhone.ActiveCfg = Release|x86
		{8C57D3D8-6B1B-4F76-BC2F-CB5A040CE160}.Ad-Hoc|iPhone.Build.0 = Release|x86
		{8C57D3D8-6B1B-4F76-BC2F-CB5A040CE160}.Ad-Hoc|iPhone.Deploy.0 = Release|x86
		{8C57D3D8-6B1B-4F76-BC2F-CB5A040CE160}.Ad-Hoc|iPhoneSimulator.ActiveCfg = Release|x86
		{8C57D3D8-6B1B-4F76-BC2F-CB5A040CE160}.Ad-Hoc|iPhoneSimulator.Build.0 = Release|x86
		{8C57D3D8-6B1B-4F76-BC2F-CB5A040CE160}.Ad-Hoc|iPhoneSimulator.Deploy.0 = Release|x86
		{8C57D3D8-6B1B-4F76-BC2F-CB5A040CE160}.Ad-Hoc|x64.ActiveCfg = Release|x64
		{8C57D3D8-6B1B-4F76-BC2F-CB5A040CE160}.Ad-Hoc|x64.Build.0 = Release|x64
		{8C57D3D8-6B1B-4F76-BC2F-CB5A040CE160}.Ad-Hoc|x64.Deploy.0 = Release|x64
		{8C57D3D8-6B1B-4F76-BC2F-CB5A040CE160}.Ad-Hoc|x86.ActiveCfg = Release|x86
		{8C57D3D8-6B1B-4F76-BC2F-CB5A040CE160}.Ad-Hoc|x86.Build.0 = Release|x86
		{8C57D3D8-6B1B-4F76-BC2F-CB5A040CE160}.Ad-Hoc|x86.Deploy.0 = Release|x86
		{8C57D3D8-6B1B-4F76-BC2F-CB5A040CE160}.AppStore|Any CPU.ActiveCfg = Release|x86
		{8C57D3D8-6B1B-4F76-BC2F-CB5A040CE160}.AppStore|Any CPU.Build.0 = Release|x86
		{8C57D3D8-6B1B-4F76-BC2F-CB5A040CE160}.AppStore|Any CPU.Deploy.0 = Release|x86
		{8C57D3D8-6B1B-4F76-BC2F-CB5A040CE160}.AppStore|ARM.ActiveCfg = Release|ARM
		{8C57D3D8-6B1B-4F76-BC2F-CB5A040CE160}.AppStore|ARM.Build.0 = Release|ARM
		{8C57D3D8-6B1B-4F76-BC2F-CB5A040CE160}.AppStore|ARM.Deploy.0 = Release|ARM
		{8C57D3D8-6B1B-4F76-BC2F-CB5A040CE160}.AppStore|iPhone.ActiveCfg = Release|x86
		{8C57D3D8-6B1B-4F76-BC2F-CB5A040CE160}.AppStore|iPhone.Build.0 = Release|x86
		{8C57D3D8-6B1B-4F76-BC2F-CB5A040CE160}.AppStore|iPhone.Deploy.0 = Release|x86
		{8C57D3D8-6B1B-4F76-BC2F-CB5A040CE160}.AppStore|iPhoneSimulator.ActiveCfg = Release|x86
		{8C57D3D8-6B1B-4F76-BC2F-CB5A040CE160}.AppStore|iPhoneSimulator.Build.0 = Release|x86
		{8C57D3D8-6B1B-4F76-BC2F-CB5A040CE160}.AppStore|iPhoneSimulator.Deploy.0 = Release|x86
		{8C57D3D8-6B1B-4F76-BC2F-CB5A040CE160}.AppStore|x64.ActiveCfg = Release|x64
		{8C57D3D8-6B1B-4F76-BC2F-CB5A040CE160}.AppStore|x64.Build.0 = Release|x64
		{8C57D3D8-6B1B-4F76-BC2F-CB5A040CE160}.AppStore|x64.Deploy.0 = Release|x64
		{8C57D3D8-6B1B-4F76-BC2F-CB5A040CE160}.AppStore|x86.ActiveCfg = Release|x86
		{8C57D3D8-6B1B-4F76-BC2F-CB5A040CE160}.AppStore|x86.Build.0 = Release|x86
		{8C57D3D8-6B1B-4F76-BC2F-CB5A040CE160}.AppStore|x86.Deploy.0 = Release|x86
		{8C57D3D8-6B1B-4F76-BC2F-CB5A040CE160}.Debug|Any CPU.ActiveCfg = Debug|x86
		{8C57D3D8-6B1B-4F76-BC2F-CB5A040CE160}.Debug|ARM.ActiveCfg = Debug|ARM
		{8C57D3D8-6B1B-4F76-BC2F-CB5A040CE160}.Debug|ARM.Build.0 = Debug|ARM
		{8C57D3D8-6B1B-4F76-BC2F-CB5A040CE160}.Debug|ARM.Deploy.0 = Debug|ARM
		{8C57D3D8-6B1B-4F76-BC2F-CB5A040CE160}.Debug|iPhone.ActiveCfg = Debug|x86
		{8C57D3D8-6B1B-4F76-BC2F-CB5A040CE160}.Debug|iPhoneSimulator.ActiveCfg = Debug|x86
		{8C57D3D8-6B1B-4F76-BC2F-CB5A040CE160}.Debug|x64.ActiveCfg = Debug|x64
		{8C57D3D8-6B1B-4F76-BC2F-CB5A040CE160}.Debug|x64.Build.0 = Debug|x64
		{8C57D3D8-6B1B-4F76-BC2F-CB5A040CE160}.Debug|x64.Deploy.0 = Debug|x64
		{8C57D3D8-6B1B-4F76-BC2F-CB5A040CE160}.Debug|x86.ActiveCfg = Debug|x86
		{8C57D3D8-6B1B-4F76-BC2F-CB5A040CE160}.Debug|x86.Build.0 = Debug|x86
		{8C57D3D8-6B1B-4F76-BC2F-CB5A040CE160}.Debug|x86.Deploy.0 = Debug|x86
		{8C57D3D8-6B1B-4F76-BC2F-CB5A040CE160}.Release|Any CPU.ActiveCfg = Release|x86
		{8C57D3D8-6B1B-4F76-BC2F-CB5A040CE160}.Release|ARM.ActiveCfg = Release|ARM
		{8C57D3D8-6B1B-4F76-BC2F-CB5A040CE160}.Release|ARM.Build.0 = Release|ARM
		{8C57D3D8-6B1B-4F76-BC2F-CB5A040CE160}.Release|ARM.Deploy.0 = Release|ARM
		{8C57D3D8-6B1B-4F76-BC2F-CB5A040CE160}.Release|iPhone.ActiveCfg = Release|x86
		{8C57D3D8-6B1B-4F76-BC2F-CB5A040CE160}.Release|iPhoneSimulator.ActiveCfg = Release|x86
		{8C57D3D8-6B1B-4F76-BC2F-CB5A040CE160}.Release|x64.ActiveCfg = Release|x64
		{8C57D3D8-6B1B-4F76-BC2F-CB5A040CE160}.Release|x64.Build.0 = Release|x64
		{8C57D3D8-6B1B-4F76-BC2F-CB5A040CE160}.Release|x64.Deploy.0 = Release|x64
		{8C57D3D8-6B1B-4F76-BC2F-CB5A040CE160}.Release|x86.ActiveCfg = Release|x86
		{8C57D3D8-6B1B-4F76-BC2F-CB5A040CE160}.Release|x86.Build.0 = Release|x86
		{8C57D3D8-6B1B-4F76-BC2F-CB5A040CE160}.Release|x86.Deploy.0 = Release|x86
		{5F935B39-37F2-487F-BAAA-1464BD557D95}.Ad-Hoc|Any CPU.ActiveCfg = Ad-Hoc|iPhoneSimulator
		{5F935B39-37F2-487F-BAAA-1464BD557D95}.Ad-Hoc|ARM.ActiveCfg = Ad-Hoc|iPhone
		{5F935B39-37F2-487F-BAAA-1464BD557D95}.Ad-Hoc|iPhone.ActiveCfg = Ad-Hoc|iPhone
		{5F935B39-37F2-487F-BAAA-1464BD557D95}.Ad-Hoc|iPhone.Build.0 = Ad-Hoc|iPhone
		{5F935B39-37F2-487F-BAAA-1464BD557D95}.Ad-Hoc|iPhoneSimulator.ActiveCfg = Ad-Hoc|iPhoneSimulator
		{5F935B39-37F2-487F-BAAA-1464BD557D95}.Ad-Hoc|iPhoneSimulator.Build.0 = Ad-Hoc|iPhoneSimulator
		{5F935B39-37F2-487F-BAAA-1464BD557D95}.Ad-Hoc|x64.ActiveCfg = Ad-Hoc|iPhone
		{5F935B39-37F2-487F-BAAA-1464BD557D95}.Ad-Hoc|x86.ActiveCfg = Ad-Hoc|iPhone
		{5F935B39-37F2-487F-BAAA-1464BD557D95}.AppStore|Any CPU.ActiveCfg = AppStore|iPhoneSimulator
		{5F935B39-37F2-487F-BAAA-1464BD557D95}.AppStore|ARM.ActiveCfg = AppStore|iPhone
		{5F935B39-37F2-487F-BAAA-1464BD557D95}.AppStore|iPhone.ActiveCfg = AppStore|iPhone
		{5F935B39-37F2-487F-BAAA-1464BD557D95}.AppStore|iPhone.Build.0 = AppStore|iPhone
		{5F935B39-37F2-487F-BAAA-1464BD557D95}.AppStore|iPhoneSimulator.ActiveCfg = AppStore|iPhoneSimulator
		{5F935B39-37F2-487F-BAAA-1464BD557D95}.AppStore|iPhoneSimulator.Build.0 = AppStore|iPhoneSimulator
		{5F935B39-37F2-487F-BAAA-1464BD557D95}.AppStore|x64.ActiveCfg = AppStore|iPhone
		{5F935B39-37F2-487F-BAAA-1464BD557D95}.AppStore|x86.ActiveCfg = AppStore|iPhone
		{5F935B39-37F2-487F-BAAA-1464BD557D95}.Debug|Any CPU.ActiveCfg = Debug|iPhoneSimulator
		{5F935B39-37F2-487F-BAAA-1464BD557D95}.Debug|ARM.ActiveCfg = Debug|iPhone
		{5F935B39-37F2-487F-BAAA-1464BD557D95}.Debug|iPhone.ActiveCfg = Debug|iPhone
		{5F935B39-37F2-487F-BAAA-1464BD557D95}.Debug|iPhone.Build.0 = Debug|iPhone
		{5F935B39-37F2-487F-BAAA-1464BD557D95}.Debug|iPhoneSimulator.ActiveCfg = Debug|iPhoneSimulator
		{5F935B39-37F2-487F-BAAA-1464BD557D95}.Debug|iPhoneSimulator.Build.0 = Debug|iPhoneSimulator
		{5F935B39-37F2-487F-BAAA-1464BD557D95}.Debug|x64.ActiveCfg = Debug|iPhone
		{5F935B39-37F2-487F-BAAA-1464BD557D95}.Debug|x86.ActiveCfg = Debug|iPhone
		{5F935B39-37F2-487F-BAAA-1464BD557D95}.Release|Any CPU.ActiveCfg = Release|iPhoneSimulator
		{5F935B39-37F2-487F-BAAA-1464BD557D95}.Release|ARM.ActiveCfg = Release|iPhone
		{5F935B39-37F2-487F-BAAA-1464BD557D95}.Release|iPhone.ActiveCfg = Release|iPhone
		{5F935B39-37F2-487F-BAAA-1464BD557D95}.Release|iPhone.Build.0 = Release|iPhone
		{5F935B39-37F2-487F-BAAA-1464BD557D95}.Release|iPhoneSimulator.ActiveCfg = Release|iPhoneSimulator
		{5F935B39-37F2-487F-BAAA-1464BD557D95}.Release|iPhoneSimulator.Build.0 = Release|iPhoneSimulator
		{5F935B39-37F2-487F-BAAA-1464BD557D95}.Release|x64.ActiveCfg = Release|iPhone
		{5F935B39-37F2-487F-BAAA-1464BD557D95}.Release|x86.ActiveCfg = Release|iPhone
	EndGlobalSection
	GlobalSection(SolutionProperties) = preSolution
		HideSolutionNode = FALSE
	EndGlobalSection
	GlobalSection(ExtensibilityGlobals) = postSolution
		SolutionGuid = {BAD438C1-EB78-4774-BDB6-2AD39EC56C26}
	EndGlobalSection
EndGlobal
