
Microsoft Visual Studio Solution File, Format Version 12.00
# Visual Studio 15
VisualStudioVersion = 15.0.27703.2026
MinimumVisualStudioVersion = 10.0.40219.1
Project("{FAE04EC0-301F-11D3-BF4B-00C04F79EFBC}") = "cookbook2.Android", "cookbook2\cookbook2.Android\cookbook2.Android.csproj", "{95E78656-DAA6-4FA0-98B5-B870E050F23A}"
EndProject
Project("{FAE04EC0-301F-11D3-BF4B-00C04F79EFBC}") = "cookbook2.iOS", "cookbook2\cookbook2.iOS\cookbook2.iOS.csproj", "{93F21B19-2648-4DF5-B495-D6E5C6683572}"
EndProject
Project("{FAE04EC0-301F-11D3-BF4B-00C04F79EFBC}") = "cookbook2.UWP", "cookbook2\cookbook2.UWP\cookbook2.UWP.csproj", "{17F00168-C3DF-4140-9D36-B9C15DF8DB41}"
EndProject
Project("{FAE04EC0-301F-11D3-BF4B-00C04F79EFBC}") = "cookbook2", "cookbook2\cookbook2\cookbook2.csproj", "{4BB86F4A-14D4-4D8B-B2CC-FE1C9F8C5F3B}"
EndProject
Global
	GlobalSection(SolutionConfigurationPlatforms) = preSolution
		Ad-Hoc|Any CPU = Ad-Hoc|Any CPU
		Ad-Hoc|ARM = Ad-Hoc|ARM
		Ad-Hoc|iPhone = Ad-Hoc|iPhone
		Ad-Hoc|iPhoneSimulator = Ad-Hoc|iPhoneSimulator
		Ad-Hoc|x64 = Ad-Hoc|x64
		Ad-Hoc|x86 = Ad-Hoc|x86
		AppStore|Any CPU = AppStore|Any CPU
		AppStore|ARM = AppStore|ARM
		AppStore|iPhone = AppStore|iPhone
		AppStore|iPhoneSimulator = AppStore|iPhoneSimulator
		AppStore|x64 = AppStore|x64
		AppStore|x86 = AppStore|x86
		Debug|Any CPU = Debug|Any CPU
		Debug|ARM = Debug|ARM
		Debug|iPhone = Debug|iPhone
		Debug|iPhoneSimulator = Debug|iPhoneSimulator
		Debug|x64 = Debug|x64
		Debug|x86 = Debug|x86
		Release|Any CPU = Release|Any CPU
		Release|ARM = Release|ARM
		Release|iPhone = Release|iPhone
		Release|iPhoneSimulator = Release|iPhoneSimulator
		Release|x64 = Release|x64
		Release|x86 = Release|x86
	EndGlobalSection
	GlobalSection(ProjectConfigurationPlatforms) = postSolution
		{95E78656-DAA6-4FA0-98B5-B870E050F23A}.Ad-Hoc|Any CPU.ActiveCfg = Release|Any CPU
		{95E78656-DAA6-4FA0-98B5-B870E050F23A}.Ad-Hoc|Any CPU.Build.0 = Release|Any CPU
		{95E78656-DAA6-4FA0-98B5-B870E050F23A}.Ad-Hoc|Any CPU.Deploy.0 = Release|Any CPU
		{95E78656-DAA6-4FA0-98B5-B870E050F23A}.Ad-Hoc|ARM.ActiveCfg = Release|Any CPU
		{95E78656-DAA6-4FA0-98B5-B870E050F23A}.Ad-Hoc|ARM.Build.0 = Release|Any CPU
		{95E78656-DAA6-4FA0-98B5-B870E050F23A}.Ad-Hoc|ARM.Deploy.0 = Release|Any CPU
		{95E78656-DAA6-4FA0-98B5-B870E050F23A}.Ad-Hoc|iPhone.ActiveCfg = Release|Any CPU
		{95E78656-DAA6-4FA0-98B5-B870E050F23A}.Ad-Hoc|iPhone.Build.0 = Release|Any CPU
		{95E78656-DAA6-4FA0-98B5-B870E050F23A}.Ad-Hoc|iPhone.Deploy.0 = Release|Any CPU
		{95E78656-DAA6-4FA0-98B5-B870E050F23A}.Ad-Hoc|iPhoneSimulator.ActiveCfg = Release|Any CPU
		{95E78656-DAA6-4FA0-98B5-B870E050F23A}.Ad-Hoc|iPhoneSimulator.Build.0 = Release|Any CPU
		{95E78656-DAA6-4FA0-98B5-B870E050F23A}.Ad-Hoc|iPhoneSimulator.Deploy.0 = Release|Any CPU
		{95E78656-DAA6-4FA0-98B5-B870E050F23A}.Ad-Hoc|x64.ActiveCfg = Release|Any CPU
		{95E78656-DAA6-4FA0-98B5-B870E050F23A}.Ad-Hoc|x64.Build.0 = Release|Any CPU
		{95E78656-DAA6-4FA0-98B5-B870E050F23A}.Ad-Hoc|x64.Deploy.0 = Release|Any CPU
		{95E78656-DAA6-4FA0-98B5-B870E050F23A}.Ad-Hoc|x86.ActiveCfg = Release|Any CPU
		{95E78656-DAA6-4FA0-98B5-B870E050F23A}.Ad-Hoc|x86.Build.0 = Release|Any CPU
		{95E78656-DAA6-4FA0-98B5-B870E050F23A}.Ad-Hoc|x86.Deploy.0 = Release|Any CPU
		{95E78656-DAA6-4FA0-98B5-B870E050F23A}.AppStore|Any CPU.ActiveCfg = Release|Any CPU
		{95E78656-DAA6-4FA0-98B5-B870E050F23A}.AppStore|Any CPU.Build.0 = Release|Any CPU
		{95E78656-DAA6-4FA0-98B5-B870E050F23A}.AppStore|Any CPU.Deploy.0 = Release|Any CPU
		{95E78656-DAA6-4FA0-98B5-B870E050F23A}.AppStore|ARM.ActiveCfg = Release|Any CPU
		{95E78656-DAA6-4FA0-98B5-B870E050F23A}.AppStore|ARM.Build.0 = Release|Any CPU
		{95E78656-DAA6-4FA0-98B5-B870E050F23A}.AppStore|ARM.Deploy.0 = Release|Any CPU
		{95E78656-DAA6-4FA0-98B5-B870E050F23A}.AppStore|iPhone.ActiveCfg = Release|Any CPU
		{95E78656-DAA6-4FA0-98B5-B870E050F23A}.AppStore|iPhone.Build.0 = Release|Any CPU
		{95E78656-DAA6-4FA0-98B5-B870E050F23A}.AppStore|iPhone.Deploy.0 = Release|Any CPU
		{95E78656-DAA6-4FA0-98B5-B870E050F23A}.AppStore|iPhoneSimulator.ActiveCfg = Release|Any CPU
		{95E78656-DAA6-4FA0-98B5-B870E050F23A}.AppStore|iPhoneSimulator.Build.0 = Release|Any CPU
		{95E78656-DAA6-4FA0-98B5-B870E050F23A}.AppStore|iPhoneSimulator.Deploy.0 = Release|Any CPU
		{95E78656-DAA6-4FA0-98B5-B870E050F23A}.AppStore|x64.ActiveCfg = Release|Any CPU
		{95E78656-DAA6-4FA0-98B5-B870E050F23A}.AppStore|x64.Build.0 = Release|Any CPU
		{95E78656-DAA6-4FA0-98B5-B870E050F23A}.AppStore|x64.Deploy.0 = Release|Any CPU
		{95E78656-DAA6-4FA0-98B5-B870E050F23A}.AppStore|x86.ActiveCfg = Release|Any CPU
		{95E78656-DAA6-4FA0-98B5-B870E050F23A}.AppStore|x86.Build.0 = Release|Any CPU
		{95E78656-DAA6-4FA0-98B5-B870E050F23A}.AppStore|x86.Deploy.0 = Release|Any CPU
		{95E78656-DAA6-4FA0-98B5-B870E050F23A}.Debug|Any CPU.ActiveCfg = Debug|Any CPU
		{95E78656-DAA6-4FA0-98B5-B870E050F23A}.Debug|Any CPU.Build.0 = Debug|Any CPU
		{95E78656-DAA6-4FA0-98B5-B870E050F23A}.Debug|Any CPU.Deploy.0 = Debug|Any CPU
		{95E78656-DAA6-4FA0-98B5-B870E050F23A}.Debug|ARM.ActiveCfg = Debug|Any CPU
		{95E78656-DAA6-4FA0-98B5-B870E050F23A}.Debug|ARM.Build.0 = Debug|Any CPU
		{95E78656-DAA6-4FA0-98B5-B870E050F23A}.Debug|ARM.Deploy.0 = Debug|Any CPU
		{95E78656-DAA6-4FA0-98B5-B870E050F23A}.Debug|iPhone.ActiveCfg = Debug|Any CPU
		{95E78656-DAA6-4FA0-98B5-B870E050F23A}.Debug|iPhone.Build.0 = Debug|Any CPU
		{95E78656-DAA6-4FA0-98B5-B870E050F23A}.Debug|iPhone.Deploy.0 = Debug|Any CPU
		{95E78656-DAA6-4FA0-98B5-B870E050F23A}.Debug|iPhoneSimulator.ActiveCfg = Debug|Any CPU
		{95E78656-DAA6-4FA0-98B5-B870E050F23A}.Debug|iPhoneSimulator.Build.0 = Debug|Any CPU
		{95E78656-DAA6-4FA0-98B5-B870E050F23A}.Debug|iPhoneSimulator.Deploy.0 = Debug|Any CPU
		{95E78656-DAA6-4FA0-98B5-B870E050F23A}.Debug|x64.ActiveCfg = Debug|Any CPU
		{95E78656-DAA6-4FA0-98B5-B870E050F23A}.Debug|x64.Build.0 = Debug|Any CPU
		{95E78656-DAA6-4FA0-98B5-B870E050F23A}.Debug|x64.Deploy.0 = Debug|Any CPU
		{95E78656-DAA6-4FA0-98B5-B870E050F23A}.Debug|x86.ActiveCfg = Debug|Any CPU
		{95E78656-DAA6-4FA0-98B5-B870E050F23A}.Debug|x86.Build.0 = Debug|Any CPU
		{95E78656-DAA6-4FA0-98B5-B870E050F23A}.Debug|x86.Deploy.0 = Debug|Any CPU
		{95E78656-DAA6-4FA0-98B5-B870E050F23A}.Release|Any CPU.ActiveCfg = Release|Any CPU
		{95E78656-DAA6-4FA0-98B5-B870E050F23A}.Release|Any CPU.Build.0 = Release|Any CPU
		{95E78656-DAA6-4FA0-98B5-B870E050F23A}.Release|Any CPU.Deploy.0 = Release|Any CPU
		{95E78656-DAA6-4FA0-98B5-B870E050F23A}.Release|ARM.ActiveCfg = Release|Any CPU
		{95E78656-DAA6-4FA0-98B5-B870E050F23A}.Release|ARM.Build.0 = Release|Any CPU
		{95E78656-DAA6-4FA0-98B5-B870E050F23A}.Release|ARM.Deploy.0 = Release|Any CPU
		{95E78656-DAA6-4FA0-98B5-B870E050F23A}.Release|iPhone.ActiveCfg = Release|Any CPU
		{95E78656-DAA6-4FA0-98B5-B870E050F23A}.Release|iPhone.Build.0 = Release|Any CPU
		{95E78656-DAA6-4FA0-98B5-B870E050F23A}.Release|iPhone.Deploy.0 = Release|Any CPU
		{95E78656-DAA6-4FA0-98B5-B870E050F23A}.Release|iPhoneSimulator.ActiveCfg = Release|Any CPU
		{95E78656-DAA6-4FA0-98B5-B870E050F23A}.Release|iPhoneSimulator.Build.0 = Release|Any CPU
		{95E78656-DAA6-4FA0-98B5-B870E050F23A}.Release|iPhoneSimulator.Deploy.0 = Release|Any CPU
		{95E78656-DAA6-4FA0-98B5-B870E050F23A}.Release|x64.ActiveCfg = Release|Any CPU
		{95E78656-DAA6-4FA0-98B5-B870E050F23A}.Release|x64.Build.0 = Release|Any CPU
		{95E78656-DAA6-4FA0-98B5-B870E050F23A}.Release|x64.Deploy.0 = Release|Any CPU
		{95E78656-DAA6-4FA0-98B5-B870E050F23A}.Release|x86.ActiveCfg = Release|Any CPU
		{95E78656-DAA6-4FA0-98B5-B870E050F23A}.Release|x86.Build.0 = Release|Any CPU
		{95E78656-DAA6-4FA0-98B5-B870E050F23A}.Release|x86.Deploy.0 = Release|Any CPU
		{93F21B19-2648-4DF5-B495-D6E5C6683572}.Ad-Hoc|Any CPU.ActiveCfg = Ad-Hoc|iPhone
		{93F21B19-2648-4DF5-B495-D6E5C6683572}.Ad-Hoc|Any CPU.Build.0 = Ad-Hoc|iPhone
		{93F21B19-2648-4DF5-B495-D6E5C6683572}.Ad-Hoc|Any CPU.Deploy.0 = Ad-Hoc|iPhone
		{93F21B19-2648-4DF5-B495-D6E5C6683572}.Ad-Hoc|ARM.ActiveCfg = Ad-Hoc|iPhone
		{93F21B19-2648-4DF5-B495-D6E5C6683572}.Ad-Hoc|ARM.Build.0 = Ad-Hoc|iPhone
		{93F21B19-2648-4DF5-B495-D6E5C6683572}.Ad-Hoc|ARM.Deploy.0 = Ad-Hoc|iPhone
		{93F21B19-2648-4DF5-B495-D6E5C6683572}.Ad-Hoc|iPhone.ActiveCfg = Ad-Hoc|iPhone
		{93F21B19-2648-4DF5-B495-D6E5C6683572}.Ad-Hoc|iPhone.Build.0 = Ad-Hoc|iPhone
		{93F21B19-2648-4DF5-B495-D6E5C6683572}.Ad-Hoc|iPhone.Deploy.0 = Ad-Hoc|iPhone
		{93F21B19-2648-4DF5-B495-D6E5C6683572}.Ad-Hoc|iPhoneSimulator.ActiveCfg = Ad-Hoc|iPhoneSimulator
		{93F21B19-2648-4DF5-B495-D6E5C6683572}.Ad-Hoc|iPhoneSimulator.Build.0 = Ad-Hoc|iPhoneSimulator
		{93F21B19-2648-4DF5-B495-D6E5C6683572}.Ad-Hoc|iPhoneSimulator.Deploy.0 = Ad-Hoc|iPhoneSimulator
		{93F21B19-2648-4DF5-B495-D6E5C6683572}.Ad-Hoc|x64.ActiveCfg = Ad-Hoc|iPhone
		{93F21B19-2648-4DF5-B495-D6E5C6683572}.Ad-Hoc|x64.Build.0 = Ad-Hoc|iPhone
		{93F21B19-2648-4DF5-B495-D6E5C6683572}.Ad-Hoc|x64.Deploy.0 = Ad-Hoc|iPhone
		{93F21B19-2648-4DF5-B495-D6E5C6683572}.Ad-Hoc|x86.ActiveCfg = Ad-Hoc|iPhone
		{93F21B19-2648-4DF5-B495-D6E5C6683572}.Ad-Hoc|x86.Build.0 = Ad-Hoc|iPhone
		{93F21B19-2648-4DF5-B495-D6E5C6683572}.Ad-Hoc|x86.Deploy.0 = Ad-Hoc|iPhone
		{93F21B19-2648-4DF5-B495-D6E5C6683572}.AppStore|Any CPU.ActiveCfg = AppStore|iPhone
		{93F21B19-2648-4DF5-B495-D6E5C6683572}.AppStore|Any CPU.Build.0 = AppStore|iPhone
		{93F21B19-2648-4DF5-B495-D6E5C6683572}.AppStore|Any CPU.Deploy.0 = AppStore|iPhone
		{93F21B19-2648-4DF5-B495-D6E5C6683572}.AppStore|ARM.ActiveCfg = AppStore|iPhone
		{93F21B19-2648-4DF5-B495-D6E5C6683572}.AppStore|ARM.Build.0 = AppStore|iPhone
		{93F21B19-2648-4DF5-B495-D6E5C6683572}.AppStore|ARM.Deploy.0 = AppStore|iPhone
		{93F21B19-2648-4DF5-B495-D6E5C6683572}.AppStore|iPhone.ActiveCfg = AppStore|iPhone
		{93F21B19-2648-4DF5-B495-D6E5C6683572}.AppStore|iPhone.Build.0 = AppStore|iPhone
		{93F21B19-2648-4DF5-B495-D6E5C6683572}.AppStore|iPhone.Deploy.0 = AppStore|iPhone
		{93F21B19-2648-4DF5-B495-D6E5C6683572}.AppStore|iPhoneSimulator.ActiveCfg = AppStore|iPhoneSimulator
		{93F21B19-2648-4DF5-B495-D6E5C6683572}.AppStore|iPhoneSimulator.Build.0 = AppStore|iPhoneSimulator
		{93F21B19-2648-4DF5-B495-D6E5C6683572}.AppStore|iPhoneSimulator.Deploy.0 = AppStore|iPhoneSimulator
		{93F21B19-2648-4DF5-B495-D6E5C6683572}.AppStore|x64.ActiveCfg = AppStore|iPhone
		{93F21B19-2648-4DF5-B495-D6E5C6683572}.AppStore|x64.Build.0 = AppStore|iPhone
		{93F21B19-2648-4DF5-B495-D6E5C6683572}.AppStore|x64.Deploy.0 = AppStore|iPhone
		{93F21B19-2648-4DF5-B495-D6E5C6683572}.AppStore|x86.ActiveCfg = AppStore|iPhone
		{93F21B19-2648-4DF5-B495-D6E5C6683572}.AppStore|x86.Build.0 = AppStore|iPhone
		{93F21B19-2648-4DF5-B495-D6E5C6683572}.AppStore|x86.Deploy.0 = AppStore|iPhone
		{93F21B19-2648-4DF5-B495-D6E5C6683572}.Debug|Any CPU.ActiveCfg = Debug|iPhoneSimulator
		{93F21B19-2648-4DF5-B495-D6E5C6683572}.Debug|Any CPU.Build.0 = Debug|iPhoneSimulator
		{93F21B19-2648-4DF5-B495-D6E5C6683572}.Debug|Any CPU.Deploy.0 = Debug|iPhoneSimulator
		{93F21B19-2648-4DF5-B495-D6E5C6683572}.Debug|ARM.ActiveCfg = Debug|iPhone
		{93F21B19-2648-4DF5-B495-D6E5C6683572}.Debug|ARM.Build.0 = Debug|iPhone
		{93F21B19-2648-4DF5-B495-D6E5C6683572}.Debug|ARM.Deploy.0 = Debug|iPhone
		{93F21B19-2648-4DF5-B495-D6E5C6683572}.Debug|iPhone.ActiveCfg = Debug|iPhone
		{93F21B19-2648-4DF5-B495-D6E5C6683572}.Debug|iPhone.Build.0 = Debug|iPhone
		{93F21B19-2648-4DF5-B495-D6E5C6683572}.Debug|iPhone.Deploy.0 = Debug|iPhone
		{93F21B19-2648-4DF5-B495-D6E5C6683572}.Debug|iPhoneSimulator.ActiveCfg = Debug|iPhoneSimulator
		{93F21B19-2648-4DF5-B495-D6E5C6683572}.Debug|iPhoneSimulator.Build.0 = Debug|iPhoneSimulator
		{93F21B19-2648-4DF5-B495-D6E5C6683572}.Debug|iPhoneSimulator.Deploy.0 = Debug|iPhoneSimulator
		{93F21B19-2648-4DF5-B495-D6E5C6683572}.Debug|x64.ActiveCfg = Debug|iPhone
		{93F21B19-2648-4DF5-B495-D6E5C6683572}.Debug|x64.Build.0 = Debug|iPhone
		{93F21B19-2648-4DF5-B495-D6E5C6683572}.Debug|x64.Deploy.0 = Debug|iPhone
		{93F21B19-2648-4DF5-B495-D6E5C6683572}.Debug|x86.ActiveCfg = Debug|iPhone
		{93F21B19-2648-4DF5-B495-D6E5C6683572}.Debug|x86.Build.0 = Debug|iPhone
		{93F21B19-2648-4DF5-B495-D6E5C6683572}.Debug|x86.Deploy.0 = Debug|iPhone
		{93F21B19-2648-4DF5-B495-D6E5C6683572}.Release|Any CPU.ActiveCfg = Release|iPhone
		{93F21B19-2648-4DF5-B495-D6E5C6683572}.Release|Any CPU.Build.0 = Release|iPhone
		{93F21B19-2648-4DF5-B495-D6E5C6683572}.Release|Any CPU.Deploy.0 = Release|iPhone
		{93F21B19-2648-4DF5-B495-D6E5C6683572}.Release|ARM.ActiveCfg = Release|iPhone
		{93F21B19-2648-4DF5-B495-D6E5C6683572}.Release|ARM.Build.0 = Release|iPhone
		{93F21B19-2648-4DF5-B495-D6E5C6683572}.Release|ARM.Deploy.0 = Release|iPhone
		{93F21B19-2648-4DF5-B495-D6E5C6683572}.Release|iPhone.ActiveCfg = Release|iPhone
		{93F21B19-2648-4DF5-B495-D6E5C6683572}.Release|iPhone.Build.0 = Release|iPhone
		{93F21B19-2648-4DF5-B495-D6E5C6683572}.Release|iPhone.Deploy.0 = Release|iPhone
		{93F21B19-2648-4DF5-B495-D6E5C6683572}.Release|iPhoneSimulator.ActiveCfg = Release|iPhoneSimulator
		{93F21B19-2648-4DF5-B495-D6E5C6683572}.Release|iPhoneSimulator.Build.0 = Release|iPhoneSimulator
		{93F21B19-2648-4DF5-B495-D6E5C6683572}.Release|iPhoneSimulator.Deploy.0 = Release|iPhoneSimulator
		{93F21B19-2648-4DF5-B495-D6E5C6683572}.Release|x64.ActiveCfg = Release|iPhone
		{93F21B19-2648-4DF5-B495-D6E5C6683572}.Release|x64.Build.0 = Release|iPhone
		{93F21B19-2648-4DF5-B495-D6E5C6683572}.Release|x64.Deploy.0 = Release|iPhone
		{93F21B19-2648-4DF5-B495-D6E5C6683572}.Release|x86.ActiveCfg = Release|iPhone
		{93F21B19-2648-4DF5-B495-D6E5C6683572}.Release|x86.Build.0 = Release|iPhone
		{93F21B19-2648-4DF5-B495-D6E5C6683572}.Release|x86.Deploy.0 = Release|iPhone
		{17F00168-C3DF-4140-9D36-B9C15DF8DB41}.Ad-Hoc|Any CPU.ActiveCfg = Release|x86
		{17F00168-C3DF-4140-9D36-B9C15DF8DB41}.Ad-Hoc|Any CPU.Build.0 = Release|x86
		{17F00168-C3DF-4140-9D36-B9C15DF8DB41}.Ad-Hoc|Any CPU.Deploy.0 = Release|x86
		{17F00168-C3DF-4140-9D36-B9C15DF8DB41}.Ad-Hoc|ARM.ActiveCfg = Release|ARM
		{17F00168-C3DF-4140-9D36-B9C15DF8DB41}.Ad-Hoc|ARM.Build.0 = Release|ARM
		{17F00168-C3DF-4140-9D36-B9C15DF8DB41}.Ad-Hoc|ARM.Deploy.0 = Release|ARM
		{17F00168-C3DF-4140-9D36-B9C15DF8DB41}.Ad-Hoc|iPhone.ActiveCfg = Release|x86
		{17F00168-C3DF-4140-9D36-B9C15DF8DB41}.Ad-Hoc|iPhone.Build.0 = Release|x86
		{17F00168-C3DF-4140-9D36-B9C15DF8DB41}.Ad-Hoc|iPhone.Deploy.0 = Release|x86
		{17F00168-C3DF-4140-9D36-B9C15DF8DB41}.Ad-Hoc|iPhoneSimulator.ActiveCfg = Release|x86
		{17F00168-C3DF-4140-9D36-B9C15DF8DB41}.Ad-Hoc|iPhoneSimulator.Build.0 = Release|x86
		{17F00168-C3DF-4140-9D36-B9C15DF8DB41}.Ad-Hoc|iPhoneSimulator.Deploy.0 = Release|x86
		{17F00168-C3DF-4140-9D36-B9C15DF8DB41}.Ad-Hoc|x64.ActiveCfg = Release|x64
		{17F00168-C3DF-4140-9D36-B9C15DF8DB41}.Ad-Hoc|x64.Build.0 = Release|x64
		{17F00168-C3DF-4140-9D36-B9C15DF8DB41}.Ad-Hoc|x64.Deploy.0 = Release|x64
		{17F00168-C3DF-4140-9D36-B9C15DF8DB41}.Ad-Hoc|x86.ActiveCfg = Release|x86
		{17F00168-C3DF-4140-9D36-B9C15DF8DB41}.Ad-Hoc|x86.Build.0 = Release|x86
		{17F00168-C3DF-4140-9D36-B9C15DF8DB41}.Ad-Hoc|x86.Deploy.0 = Release|x86
		{17F00168-C3DF-4140-9D36-B9C15DF8DB41}.AppStore|Any CPU.ActiveCfg = Release|x86
		{17F00168-C3DF-4140-9D36-B9C15DF8DB41}.AppStore|Any CPU.Build.0 = Release|x86
		{17F00168-C3DF-4140-9D36-B9C15DF8DB41}.AppStore|Any CPU.Deploy.0 = Release|x86
		{17F00168-C3DF-4140-9D36-B9C15DF8DB41}.AppStore|ARM.ActiveCfg = Release|ARM
		{17F00168-C3DF-4140-9D36-B9C15DF8DB41}.AppStore|ARM.Build.0 = Release|ARM
		{17F00168-C3DF-4140-9D36-B9C15DF8DB41}.AppStore|ARM.Deploy.0 = Release|ARM
		{17F00168-C3DF-4140-9D36-B9C15DF8DB41}.AppStore|iPhone.ActiveCfg = Release|x86
		{17F00168-C3DF-4140-9D36-B9C15DF8DB41}.AppStore|iPhone.Build.0 = Release|x86
		{17F00168-C3DF-4140-9D36-B9C15DF8DB41}.AppStore|iPhone.Deploy.0 = Release|x86
		{17F00168-C3DF-4140-9D36-B9C15DF8DB41}.AppStore|iPhoneSimulator.ActiveCfg = Release|x86
		{17F00168-C3DF-4140-9D36-B9C15DF8DB41}.AppStore|iPhoneSimulator.Build.0 = Release|x86
		{17F00168-C3DF-4140-9D36-B9C15DF8DB41}.AppStore|iPhoneSimulator.Deploy.0 = Release|x86
		{17F00168-C3DF-4140-9D36-B9C15DF8DB41}.AppStore|x64.ActiveCfg = Release|x64
		{17F00168-C3DF-4140-9D36-B9C15DF8DB41}.AppStore|x64.Build.0 = Release|x64
		{17F00168-C3DF-4140-9D36-B9C15DF8DB41}.AppStore|x64.Deploy.0 = Release|x64
		{17F00168-C3DF-4140-9D36-B9C15DF8DB41}.AppStore|x86.ActiveCfg = Release|x86
		{17F00168-C3DF-4140-9D36-B9C15DF8DB41}.AppStore|x86.Build.0 = Release|x86
		{17F00168-C3DF-4140-9D36-B9C15DF8DB41}.AppStore|x86.Deploy.0 = Release|x86
		{17F00168-C3DF-4140-9D36-B9C15DF8DB41}.Debug|Any CPU.ActiveCfg = Debug|x86
		{17F00168-C3DF-4140-9D36-B9C15DF8DB41}.Debug|Any CPU.Build.0 = Debug|x86
		{17F00168-C3DF-4140-9D36-B9C15DF8DB41}.Debug|Any CPU.Deploy.0 = Debug|x86
		{17F00168-C3DF-4140-9D36-B9C15DF8DB41}.Debug|ARM.ActiveCfg = Debug|ARM
		{17F00168-C3DF-4140-9D36-B9C15DF8DB41}.Debug|ARM.Build.0 = Debug|ARM
		{17F00168-C3DF-4140-9D36-B9C15DF8DB41}.Debug|ARM.Deploy.0 = Debug|ARM
		{17F00168-C3DF-4140-9D36-B9C15DF8DB41}.Debug|iPhone.ActiveCfg = Debug|x86
		{17F00168-C3DF-4140-9D36-B9C15DF8DB41}.Debug|iPhone.Build.0 = Debug|x86
		{17F00168-C3DF-4140-9D36-B9C15DF8DB41}.Debug|iPhone.Deploy.0 = Debug|x86
		{17F00168-C3DF-4140-9D36-B9C15DF8DB41}.Debug|iPhoneSimulator.ActiveCfg = Debug|x86
		{17F00168-C3DF-4140-9D36-B9C15DF8DB41}.Debug|iPhoneSimulator.Build.0 = Debug|x86
		{17F00168-C3DF-4140-9D36-B9C15DF8DB41}.Debug|iPhoneSimulator.Deploy.0 = Debug|x86
		{17F00168-C3DF-4140-9D36-B9C15DF8DB41}.Debug|x64.ActiveCfg = Debug|x64
		{17F00168-C3DF-4140-9D36-B9C15DF8DB41}.Debug|x64.Build.0 = Debug|x64
		{17F00168-C3DF-4140-9D36-B9C15DF8DB41}.Debug|x64.Deploy.0 = Debug|x64
		{17F00168-C3DF-4140-9D36-B9C15DF8DB41}.Debug|x86.ActiveCfg = Debug|x86
		{17F00168-C3DF-4140-9D36-B9C15DF8DB41}.Debug|x86.Build.0 = Debug|x86
		{17F00168-C3DF-4140-9D36-B9C15DF8DB41}.Debug|x86.Deploy.0 = Debug|x86
		{17F00168-C3DF-4140-9D36-B9C15DF8DB41}.Release|Any CPU.ActiveCfg = Release|x86
		{17F00168-C3DF-4140-9D36-B9C15DF8DB41}.Release|Any CPU.Build.0 = Release|x86
		{17F00168-C3DF-4140-9D36-B9C15DF8DB41}.Release|Any CPU.Deploy.0 = Release|x86
		{17F00168-C3DF-4140-9D36-B9C15DF8DB41}.Release|ARM.ActiveCfg = Release|ARM
		{17F00168-C3DF-4140-9D36-B9C15DF8DB41}.Release|ARM.Build.0 = Release|ARM
		{17F00168-C3DF-4140-9D36-B9C15DF8DB41}.Release|ARM.Deploy.0 = Release|ARM
		{17F00168-C3DF-4140-9D36-B9C15DF8DB41}.Release|iPhone.ActiveCfg = Release|x86
		{17F00168-C3DF-4140-9D36-B9C15DF8DB41}.Release|iPhone.Build.0 = Release|x86
		{17F00168-C3DF-4140-9D36-B9C15DF8DB41}.Release|iPhone.Deploy.0 = Release|x86
		{17F00168-C3DF-4140-9D36-B9C15DF8DB41}.Release|iPhoneSimulator.ActiveCfg = Release|x86
		{17F00168-C3DF-4140-9D36-B9C15DF8DB41}.Release|iPhoneSimulator.Build.0 = Release|x86
		{17F00168-C3DF-4140-9D36-B9C15DF8DB41}.Release|iPhoneSimulator.Deploy.0 = Release|x86
		{17F00168-C3DF-4140-9D36-B9C15DF8DB41}.Release|x64.ActiveCfg = Release|x64
		{17F00168-C3DF-4140-9D36-B9C15DF8DB41}.Release|x64.Build.0 = Release|x64
		{17F00168-C3DF-4140-9D36-B9C15DF8DB41}.Release|x64.Deploy.0 = Release|x64
		{17F00168-C3DF-4140-9D36-B9C15DF8DB41}.Release|x86.ActiveCfg = Release|x86
		{17F00168-C3DF-4140-9D36-B9C15DF8DB41}.Release|x86.Build.0 = Release|x86
		{17F00168-C3DF-4140-9D36-B9C15DF8DB41}.Release|x86.Deploy.0 = Release|x86
		{4BB86F4A-14D4-4D8B-B2CC-FE1C9F8C5F3B}.Ad-Hoc|Any CPU.ActiveCfg = Debug|Any CPU
		{4BB86F4A-14D4-4D8B-B2CC-FE1C9F8C5F3B}.Ad-Hoc|Any CPU.Build.0 = Debug|Any CPU
		{4BB86F4A-14D4-4D8B-B2CC-FE1C9F8C5F3B}.Ad-Hoc|Any CPU.Deploy.0 = Debug|Any CPU
		{4BB86F4A-14D4-4D8B-B2CC-FE1C9F8C5F3B}.Ad-Hoc|ARM.ActiveCfg = Debug|Any CPU
		{4BB86F4A-14D4-4D8B-B2CC-FE1C9F8C5F3B}.Ad-Hoc|ARM.Build.0 = Debug|Any CPU
		{4BB86F4A-14D4-4D8B-B2CC-FE1C9F8C5F3B}.Ad-Hoc|ARM.Deploy.0 = Debug|Any CPU
		{4BB86F4A-14D4-4D8B-B2CC-FE1C9F8C5F3B}.Ad-Hoc|iPhone.ActiveCfg = Debug|Any CPU
		{4BB86F4A-14D4-4D8B-B2CC-FE1C9F8C5F3B}.Ad-Hoc|iPhone.Build.0 = Debug|Any CPU
		{4BB86F4A-14D4-4D8B-B2CC-FE1C9F8C5F3B}.Ad-Hoc|iPhone.Deploy.0 = Debug|Any CPU
		{4BB86F4A-14D4-4D8B-B2CC-FE1C9F8C5F3B}.Ad-Hoc|iPhoneSimulator.ActiveCfg = Debug|Any CPU
		{4BB86F4A-14D4-4D8B-B2CC-FE1C9F8C5F3B}.Ad-Hoc|iPhoneSimulator.Build.0 = Debug|Any CPU
		{4BB86F4A-14D4-4D8B-B2CC-FE1C9F8C5F3B}.Ad-Hoc|iPhoneSimulator.Deploy.0 = Debug|Any CPU
		{4BB86F4A-14D4-4D8B-B2CC-FE1C9F8C5F3B}.Ad-Hoc|x64.ActiveCfg = Debug|Any CPU
		{4BB86F4A-14D4-4D8B-B2CC-FE1C9F8C5F3B}.Ad-Hoc|x64.Build.0 = Debug|Any CPU
		{4BB86F4A-14D4-4D8B-B2CC-FE1C9F8C5F3B}.Ad-Hoc|x64.Deploy.0 = Debug|Any CPU
		{4BB86F4A-14D4-4D8B-B2CC-FE1C9F8C5F3B}.Ad-Hoc|x86.ActiveCfg = Debug|Any CPU
		{4BB86F4A-14D4-4D8B-B2CC-FE1C9F8C5F3B}.Ad-Hoc|x86.Build.0 = Debug|Any CPU
		{4BB86F4A-14D4-4D8B-B2CC-FE1C9F8C5F3B}.Ad-Hoc|x86.Deploy.0 = Debug|Any CPU
		{4BB86F4A-14D4-4D8B-B2CC-FE1C9F8C5F3B}.AppStore|Any CPU.ActiveCfg = Debug|Any CPU
		{4BB86F4A-14D4-4D8B-B2CC-FE1C9F8C5F3B}.AppStore|Any CPU.Build.0 = Debug|Any CPU
		{4BB86F4A-14D4-4D8B-B2CC-FE1C9F8C5F3B}.AppStore|Any CPU.Deploy.0 = Debug|Any CPU
		{4BB86F4A-14D4-4D8B-B2CC-FE1C9F8C5F3B}.AppStore|ARM.ActiveCfg = Debug|Any CPU
		{4BB86F4A-14D4-4D8B-B2CC-FE1C9F8C5F3B}.AppStore|ARM.Build.0 = Debug|Any CPU
		{4BB86F4A-14D4-4D8B-B2CC-FE1C9F8C5F3B}.AppStore|ARM.Deploy.0 = Debug|Any CPU
		{4BB86F4A-14D4-4D8B-B2CC-FE1C9F8C5F3B}.AppStore|iPhone.ActiveCfg = Debug|Any CPU
		{4BB86F4A-14D4-4D8B-B2CC-FE1C9F8C5F3B}.AppStore|iPhone.Build.0 = Debug|Any CPU
		{4BB86F4A-14D4-4D8B-B2CC-FE1C9F8C5F3B}.AppStore|iPhone.Deploy.0 = Debug|Any CPU
		{4BB86F4A-14D4-4D8B-B2CC-FE1C9F8C5F3B}.AppStore|iPhoneSimulator.ActiveCfg = Debug|Any CPU
		{4BB86F4A-14D4-4D8B-B2CC-FE1C9F8C5F3B}.AppStore|iPhoneSimulator.Build.0 = Debug|Any CPU
		{4BB86F4A-14D4-4D8B-B2CC-FE1C9F8C5F3B}.AppStore|iPhoneSimulator.Deploy.0 = Debug|Any CPU
		{4BB86F4A-14D4-4D8B-B2CC-FE1C9F8C5F3B}.AppStore|x64.ActiveCfg = Debug|Any CPU
		{4BB86F4A-14D4-4D8B-B2CC-FE1C9F8C5F3B}.AppStore|x64.Build.0 = Debug|Any CPU
		{4BB86F4A-14D4-4D8B-B2CC-FE1C9F8C5F3B}.AppStore|x64.Deploy.0 = Debug|Any CPU
		{4BB86F4A-14D4-4D8B-B2CC-FE1C9F8C5F3B}.AppStore|x86.ActiveCfg = Debug|Any CPU
		{4BB86F4A-14D4-4D8B-B2CC-FE1C9F8C5F3B}.AppStore|x86.Build.0 = Debug|Any CPU
		{4BB86F4A-14D4-4D8B-B2CC-FE1C9F8C5F3B}.AppStore|x86.Deploy.0 = Debug|Any CPU
		{4BB86F4A-14D4-4D8B-B2CC-FE1C9F8C5F3B}.Debug|Any CPU.ActiveCfg = Debug|Any CPU
		{4BB86F4A-14D4-4D8B-B2CC-FE1C9F8C5F3B}.Debug|Any CPU.Build.0 = Debug|Any CPU
		{4BB86F4A-14D4-4D8B-B2CC-FE1C9F8C5F3B}.Debug|Any CPU.Deploy.0 = Debug|Any CPU
		{4BB86F4A-14D4-4D8B-B2CC-FE1C9F8C5F3B}.Debug|ARM.ActiveCfg = Debug|Any CPU
		{4BB86F4A-14D4-4D8B-B2CC-FE1C9F8C5F3B}.Debug|ARM.Build.0 = Debug|Any CPU
		{4BB86F4A-14D4-4D8B-B2CC-FE1C9F8C5F3B}.Debug|ARM.Deploy.0 = Debug|Any CPU
		{4BB86F4A-14D4-4D8B-B2CC-FE1C9F8C5F3B}.Debug|iPhone.ActiveCfg = Debug|Any CPU
		{4BB86F4A-14D4-4D8B-B2CC-FE1C9F8C5F3B}.Debug|iPhone.Build.0 = Debug|Any CPU
		{4BB86F4A-14D4-4D8B-B2CC-FE1C9F8C5F3B}.Debug|iPhone.Deploy.0 = Debug|Any CPU
		{4BB86F4A-14D4-4D8B-B2CC-FE1C9F8C5F3B}.Debug|iPhoneSimulator.ActiveCfg = Debug|Any CPU
		{4BB86F4A-14D4-4D8B-B2CC-FE1C9F8C5F3B}.Debug|iPhoneSimulator.Build.0 = Debug|Any CPU
		{4BB86F4A-14D4-4D8B-B2CC-FE1C9F8C5F3B}.Debug|iPhoneSimulator.Deploy.0 = Debug|Any CPU
		{4BB86F4A-14D4-4D8B-B2CC-FE1C9F8C5F3B}.Debug|x64.ActiveCfg = Debug|Any CPU
		{4BB86F4A-14D4-4D8B-B2CC-FE1C9F8C5F3B}.Debug|x64.Build.0 = Debug|Any CPU
		{4BB86F4A-14D4-4D8B-B2CC-FE1C9F8C5F3B}.Debug|x64.Deploy.0 = Debug|Any CPU
		{4BB86F4A-14D4-4D8B-B2CC-FE1C9F8C5F3B}.Debug|x86.ActiveCfg = Debug|Any CPU
		{4BB86F4A-14D4-4D8B-B2CC-FE1C9F8C5F3B}.Debug|x86.Build.0 = Debug|Any CPU
		{4BB86F4A-14D4-4D8B-B2CC-FE1C9F8C5F3B}.Debug|x86.Deploy.0 = Debug|Any CPU
		{4BB86F4A-14D4-4D8B-B2CC-FE1C9F8C5F3B}.Release|Any CPU.ActiveCfg = Release|Any CPU
		{4BB86F4A-14D4-4D8B-B2CC-FE1C9F8C5F3B}.Release|Any CPU.Build.0 = Release|Any CPU
		{4BB86F4A-14D4-4D8B-B2CC-FE1C9F8C5F3B}.Release|Any CPU.Deploy.0 = Release|Any CPU
		{4BB86F4A-14D4-4D8B-B2CC-FE1C9F8C5F3B}.Release|ARM.ActiveCfg = Release|Any CPU
		{4BB86F4A-14D4-4D8B-B2CC-FE1C9F8C5F3B}.Release|ARM.Build.0 = Release|Any CPU
		{4BB86F4A-14D4-4D8B-B2CC-FE1C9F8C5F3B}.Release|ARM.Deploy.0 = Release|Any CPU
		{4BB86F4A-14D4-4D8B-B2CC-FE1C9F8C5F3B}.Release|iPhone.ActiveCfg = Release|Any CPU
		{4BB86F4A-14D4-4D8B-B2CC-FE1C9F8C5F3B}.Release|iPhone.Build.0 = Release|Any CPU
		{4BB86F4A-14D4-4D8B-B2CC-FE1C9F8C5F3B}.Release|iPhone.Deploy.0 = Release|Any CPU
		{4BB86F4A-14D4-4D8B-B2CC-FE1C9F8C5F3B}.Release|iPhoneSimulator.ActiveCfg = Release|Any CPU
		{4BB86F4A-14D4-4D8B-B2CC-FE1C9F8C5F3B}.Release|iPhoneSimulator.Build.0 = Release|Any CPU
		{4BB86F4A-14D4-4D8B-B2CC-FE1C9F8C5F3B}.Release|iPhoneSimulator.Deploy.0 = Release|Any CPU
		{4BB86F4A-14D4-4D8B-B2CC-FE1C9F8C5F3B}.Release|x64.ActiveCfg = Release|Any CPU
		{4BB86F4A-14D4-4D8B-B2CC-FE1C9F8C5F3B}.Release|x64.Build.0 = Release|Any CPU
		{4BB86F4A-14D4-4D8B-B2CC-FE1C9F8C5F3B}.Release|x64.Deploy.0 = Release|Any CPU
		{4BB86F4A-14D4-4D8B-B2CC-FE1C9F8C5F3B}.Release|x86.ActiveCfg = Release|Any CPU
		{4BB86F4A-14D4-4D8B-B2CC-FE1C9F8C5F3B}.Release|x86.Build.0 = Release|Any CPU
		{4BB86F4A-14D4-4D8B-B2CC-FE1C9F8C5F3B}.Release|x86.Deploy.0 = Release|Any CPU
	EndGlobalSection
	GlobalSection(SolutionProperties) = preSolution
		HideSolutionNode = FALSE
	EndGlobalSection
	GlobalSection(ExtensibilityGlobals) = postSolution
		SolutionGuid = {F31904CC-2351-4110-920D-ED17D24DE13E}
	EndGlobalSection
EndGlobal
